
Microsoft Visual Studio Solution File, Format Version 10.00
# Visual C++ Express 2008
Project("{8BC9CEB8-8B4A-11D0-8D11-00A0C91BC942}") = "NiseTroPreviewDX9", "NiseTroPreviewDX9.vcproj", "{2DFC8FA1-AE8B-4724-9C3E-4CF3535C9450}"
EndProject
Project("{8BC9CEB8-8B4A-11D0-8D11-00A0C91BC942}") = "NiseTroPreviewDX9_with_ffmpeg", "NiseTroPreviewDX9_with_ffmpeg.vcproj", "{70AB7414-B305-4E95-9108-CF69E768BF95}"
EndProject
Global
	GlobalSection(SolutionConfigurationPlatforms) = preSolution
		Debug|Win32 = Debug|Win32
		Release|Win32 = Release|Win32
	EndGlobalSection
	GlobalSection(ProjectConfigurationPlatforms) = postSolution
		{2DFC8FA1-AE8B-4724-9C3E-4CF3535C9450}.Debug|Win32.ActiveCfg = Debug|Win32
		{2DFC8FA1-AE8B-4724-9C3E-4CF3535C9450}.Debug|Win32.Build.0 = Debug|Win32
		{2DFC8FA1-AE8B-4724-9C3E-4CF3535C9450}.Release|Win32.ActiveCfg = Release|Win32
		{2DFC8FA1-AE8B-4724-9C3E-4CF3535C9450}.Release|Win32.Build.0 = Release|Win32
		{70AB7414-B305-4E95-9108-CF69E768BF95}.Debug|Win32.ActiveCfg = Debug|Win32
		{70AB7414-B305-4E95-9108-CF69E768BF95}.Debug|Win32.Build.0 = Debug|Win32
		{70AB7414-B305-4E95-9108-CF69E768BF95}.Release|Win32.ActiveCfg = Release|Win32
		{70AB7414-B305-4E95-9108-CF69E768BF95}.Release|Win32.Build.0 = Release|Win32
	EndGlobalSection
	GlobalSection(SolutionProperties) = preSolution
		HideSolutionNode = FALSE
	EndGlobalSection
EndGlobal
